
Microsoft Visual Studio Solution File, Format Version 12.00
# Visual Studio Version 17
VisualStudioVersion = 17.8.34525.116
MinimumVisualStudioVersion = 10.0.40219.1
Project("{888888A0-9F3D-457C-B088-3A5042F75D52}") = "AsciiArt", "AsciiArt\AsciiArt.pyproj", "{8C410FAF-6E00-4030-9521-C2F5A8C5882A}"
EndProject
Global
	GlobalSection(SolutionConfigurationPlatforms) = preSolution
		Debug|Any CPU = Debug|Any CPU
		Release|Any CPU = Release|Any CPU
	EndGlobalSection
	GlobalSection(ProjectConfigurationPlatforms) = postSolution
		{8C410FAF-6E00-4030-9521-C2F5A8C5882A}.Debug|Any CPU.ActiveCfg = Debug|Any CPU
		{8C410FAF-6E00-4030-9521-C2F5A8C5882A}.Release|Any CPU.ActiveCfg = Release|Any CPU
	EndGlobalSection
	GlobalSection(SolutionProperties) = preSolution
		HideSolutionNode = FALSE
	EndGlobalSection
	GlobalSection(ExtensibilityGlobals) = postSolution
		SolutionGuid = {5ABCD713-5FB0-4C25-BAAD-1BBB9A7B492F}
	EndGlobalSection
EndGlobal
